Microsoft Visual Studio Solution File, Format Version 12.00
# Visual Studio Version 17
VisualStudioVersion = 17.13.35913.81
MinimumVisualStudioVersion = 10.0.40219.1
Project("{FAE04EC0-301F-11D3-BF4B-00C04F79EFBC}") = "AxonCorruptor", "AxonCorruptor\AxonCorruptor.csproj", "{69446DA1-C2C7-4A7E-9E2A-9299192E9907}"
EndProject
Global
	GlobalSection(SolutionConfigurationPlatforms) = preSolution
		Debug|Any CPU = Debug|Any CPU
		Debug|x64 = Debug|x64
		Release|Any CPU = Release|Any CPU
		Release|x64 = Release|x64
	EndGlobalSection
	GlobalSection(ProjectConfigurationPlatforms) = postSolution
		{69446DA1-C2C7-4A7E-9E2A-9299192E9907}.Debug|Any CPU.ActiveCfg = Debug|Any CPU
		{69446DA1-C2C7-4A7E-9E2A-9299192E9907}.Debug|Any CPU.Build.0 = Debug|Any CPU
		{69446DA1-C2C7-4A7E-9E2A-9299192E9907}.Debug|x64.ActiveCfg = Debug|x64
		{69446DA1-C2C7-4A7E-9E2A-9299192E9907}.Debug|x64.Build.0 = Debug|x64
		{69446DA1-C2C7-4A7E-9E2A-9299192E9907}.Release|Any CPU.ActiveCfg = Release|Any CPU
		{69446DA1-C2C7-4A7E-9E2A-9299192E9907}.Release|Any CPU.Build.0 = Release|Any CPU
		{69446DA1-C2C7-4A7E-9E2A-9299192E9907}.Release|x64.ActiveCfg = Release|x64
		{69446DA1-C2C7-4A7E-9E2A-9299192E9907}.Release|x64.Build.0 = Release|x64
	EndGlobalSection
	GlobalSection(SolutionProperties) = preSolution
		HideSolutionNode = FALSE
	EndGlobalSection
	GlobalSection(ExtensibilityGlobals) = postSolution
		SolutionGuid = {5EDC3BD7-B6E8-4475-A348-4494E4671652}
	EndGlobalSection
EndGlobal
